[[package]]
name = "grpcio"
version = "1.48.1"
description = "HTTP/2-based RPC framework"
category = "main"
optional = false
python-versions = ">=3.6"

[package.dependencies]
six = ">=1.5.2"

[package.extras]
protobuf = ["grpcio-tools (>=1.48.1)"]

[[package]]
name = "grpcio-tools"
version = "1.48.1"
description = "Protobuf code generator for gRPC"
category = "main"
optional = false
python-versions = ">=3.6"

[package.dependencies]
grpcio = ">=1.48.1"
protobuf = ">=3.12.0,<4.0dev"
setuptools = "*"

[[package]]
name = "pillow"
version = "9.3.0"
description = "Python Imaging Library (Fork)"
category = "main"
optional = false
python-versions = ">=3.7"

[package.extras]
docs = ["furo", "olefile", "sphinx (>=2.4)", "sphinx-copybutton", "sphinx-issues (>=3.0.1)", "sphinx-removed-in", "sphinxext-opengraph"]
tests = ["check-manifest", "coverage", "defusedxml", "markdown2", "olefile", "packaging", "pyroma", "pytest", "pytest-cov", "pytest-timeout"]

[[package]]
name = "protobuf"
version = "3.19.5"
description = "Protocol Buffers"
category = "main"
optional = false
python-versions = ">=3.5"

[[package]]
name = "python-dotenv"
version = "0.21.0"
description = "Read key-value pairs from a .env file and set them as environment variables"
category = "main"
optional = false
python-versions = ">=3.7"

[package.extras]
cli = ["click (>=5.0)"]

[[package]]
name = "setuptools"
version = "65.5.1"
description = "Easily download, build, install, upgrade, and uninstall Python packages"
category = "main"
optional = false
python-versions = ">=3.7"

[package.extras]
docs = ["furo", "jaraco.packaging (>=9)", "jaraco.tidelift (>=1.4)", "pygments-github-lexers (==0.0.5)", "rst.linker (>=1.9)", "sphinx (>=3.5)", "sphinx-favicon", "sphinx-hoverxref (<2)", "sphinx-inline-tabs", "sphinx-notfound-page (==0.8.3)", "sphinx-reredirects", "sphinxcontrib-towncrier"]
testing = ["build[virtualenv]", "filelock (>=3.4.0)", "flake8 (<5)", "flake8-2020", "ini2toml[lite] (>=0.9)", "jaraco.envs (>=2.2)", "jaraco.path (>=3.2.0)", "pip (>=19.1)", "pip-run (>=8.8)", "pytest (>=6)", "pytest-black (>=0.3.7)", "pytest-checkdocs (>=2.4)", "pytest-cov", "pytest-enabler (>=1.3)", "pytest-flake8", "pytest-mypy (>=0.9.1)", "pytest-perf", "pytest-timeout", "pytest-xdist", "tomli-w (>=1.0.0)", "virtualenv (>=13.0.0)", "wheel"]
testing-integration = ["build[virtualenv]", "filelock (>=3.4.0)", "jaraco.envs (>=2.2)", "jaraco.path (>=3.2.0)", "pytest", "pytest-enabler", "pytest-xdist", "tomli", "virtualenv (>=13.0.0)", "wheel"]

[[package]]
name = "six"
version = "1.16.0"
description = "Python 2 and 3 compatibility utilities"
category = "main"
optional = false
python-versions = ">=2.7, !=3.0.*, !=3.1.*, !=3.2.*"

[[package]]
name = "stability-sdk"
version = "0.2.7"
description = "Python SDK for interacting with stability.ai APIs"
category = "main"
optional = false
python-versions = "*"

[package.dependencies]
grpcio = "1.48.1"
grpcio-tools = "1.48.1"
Pillow = "*"
protobuf = "3.19.5"
python-dotenv = "*"

[package.extras]
dev = ["grpcio-testing", "pytest"]

[metadata]
lock-version = "1.1"
python-versions = "^3.11"
content-hash = "4bd3a0082facf7a669016cef2711f820600bd7c85e8c5f890df8b76664a37ff4"

[metadata.files]
grpcio = [
    {file = "grpcio-1.48.1-cp310-cp310-linux_armv7l.whl", hash = "sha256:19f9c021ae858d3ef6d5ec4c0acf3f0b0a61e599e5aa36c36943c209520a0e66"},
    {file = "grpcio-1.48.1-cp310-cp310-macosx_10_10_x86_64.whl", hash = "sha256:b0fa666fecdb1b118d37823937e9237afa17fe734fc4dbe6dd642e1e4cca0246"},
    {file = "grpcio-1.48.1-cp310-cp310-manylinux_2_17_aarch64.whl", hash = "sha256:a661d4b9b314327dec1e92ed57e591e8e5eb055700e0ba9e9687f734d922dcb6"},
    {file = "grpcio-1.48.1-cp310-cp310-manylinux_2_17_i686.manylinux2014_i686.whl", hash = "sha256:598c8c42420443c55431eba1821c7a2f72707f1ff674a4de9e0bb03282923cfb"},
    {file = "grpcio-1.48.1-cp310-cp310-manylinux_2_17_x86_64.manylinux2014_x86_64.whl", hash = "sha256:1c924d4e0493fd536ba3b82584b370e8b3c809ef341f9f828cff2dc3c761b3ab"},
    {file = "grpcio-1.48.1-cp310-cp310-musllinux_1_1_i686.whl", hash = "sha256:a5edbcb8289681fcb5ded7542f2b7dd456489e83007a95e32fcaf55e9f18603e"},
    {file = "grpcio-1.48.1-cp310-cp310-musllinux_1_1_x86_64.whl", hash = "sha256:9d116106cf220c79e91595523c893f1cf09ec0c2ea49de4fb82152528b7e6833"},
    {file = "grpcio-1.48.1-cp310-cp310-win32.whl", hash = "sha256:5d81cd3c161291339ed3b469250c2f5013c3083dea7796e93aedff8f05fdcec1"},
    {file = "grpcio-1.48.1-cp310-cp310-win_amd64.whl", hash = "sha256:d751f8beb383c4a5a95625d7ccc1ab183b98b02c6a88924814ea7fbff530872d"},
    {file = "grpcio-1.48.1-cp36-cp36m-linux_armv7l.whl", hash = "sha256:1471e6f25a8e47d9f88499f48c565fc5b2876e8ee91bfb0ff33eaadd188b7ea6"},
    {file = "grpcio-1.48.1-cp36-cp36m-macosx_10_10_x86_64.whl", hash = "sha256:9fba1d0ba7cf56811728f1951c800a9aca6677e86433c5e353f2cc2c4039fda6"},
    {file = "grpcio-1.48.1-cp36-cp36m-manylinux_2_17_aarch64.whl", hash = "sha256:f3a99ed422c38bd1bc893cb2cb2cea6d64173ec30927f699e95f5f58bdf625cf"},
    {file = "grpcio-1.48.1-cp36-cp36m-manylinux_2_17_i686.manylinux2014_i686.whl", hash = "sha256:b005502c59835f9ba3c3f8742f64c19eeb3db41eae1a89b035a559b39b421803"},
    {file = "grpcio-1.48.1-cp36-cp36m-manylinux_2_17_x86_64.manylinux2014_x86_64.whl", hash = "sha256:f0ef1dafb4eadeaca58aec8c721a5a73d551064b0c63d57fa003e233277c642e"},
    {file = "grpcio-1.48.1-cp36-cp36m-musllinux_1_1_i686.whl", hash = "sha256:9477967e605ba08715dcc769b5ee0f0d8b22bda40ef25a0df5a8759e5a4d21a5"},
    {file = "grpcio-1.48.1-cp36-cp36m-musllinux_1_1_x86_64.whl", hash = "sha256:dbba883c2b6d63949bc98ab1950bc22cf7c8d4e8cb68de6edde49d3cccd8fd26"},
    {file = "grpcio-1.48.1-cp36-cp36m-win32.whl", hash = "sha256:8bbaa6647986b874891bc682a1093df54cbdb073b5d4b844a2b480c47c7ffafd"},
    {file = "grpcio-1.48.1-cp36-cp36m-win_amd64.whl", hash = "sha256:e02f6ba10a3d4e289fa7ae91b301783a750d118b60f17924ca05e506c7d29bc8"},
    {file = "grpcio-1.48.1-cp37-cp37m-linux_armv7l.whl", hash = "sha256:97dc35a99c61d5f35ec6457d3df0a4695ba9bb04a35686e1c254462b15c53f98"},
    {file = "grpcio-1.48.1-cp37-cp37m-macosx_10_10_x86_64.whl", hash = "sha256:ca382028cdfd2d79b7704b2acb8ae1fb54e9e1a03a6765e1895ba89a6fcfaba1"},
    {file = "grpcio-1.48.1-cp37-cp37m-manylinux_2_17_aarch64.whl", hash = "sha256:3d319a0c89ffac9b8dfc75bfe727a4c835d18bbccc14203b20eb5949c6c7d87d"},
    {file = "grpcio-1.48.1-cp37-cp37m-manylinux_2_17_i686.manylinux2014_i686.whl", hash = "sha256:a1b81849061c67c2ffaa6ed27aa3d9b0762e71e68e784e24b0330b7b1c67470a"},
    {file = "grpcio-1.48.1-cp37-cp37m-manylinux_2_17_x86_64.manylinux2014_x86_64.whl", hash = "sha256:1ff1be0474846ed15682843b187e6062f845ddfeaceb2b28972073f474f7b735"},
    {file = "grpcio-1.48.1-cp37-cp37m-musllinux_1_1_i686.whl", hash = "sha256:53b6306f9473020bc47ddf64ca704356466e63d5f88f5c2a7bf0a4692e7f03c4"},
    {file = "grpcio-1.48.1-cp37-cp37m-musllinux_1_1_x86_64.whl", hash = "sha256:dad2501603f954f222a6e555413c454a5f8d763ab910fbab3855bcdfef6b3148"},
    {file = "grpcio-1.48.1-cp37-cp37m-win32.whl", hash = "sha256:4786323555a9f2c6380cd9a9922bcfd42165a51d68d242eebfcdfdc667651c96"},
    {file = "grpcio-1.48.1-cp37-cp37m-win_amd64.whl", hash = "sha256:934aad7350d9577f4275e787f3d91d3c8ff4efffa8d6b807d343d3c891ff53eb"},
    {file = "grpcio-1.48.1-cp38-cp38-linux_armv7l.whl", hash = "sha256:2563357697f5f2d7fd80c1b07a57ef4736551327ad84de604e7b9f6c1b6b4e20"},
    {file = "grpcio-1.48.1-cp38-cp38-macosx_10_10_x86_64.whl", hash = "sha256:1d065f40fe74b52b88a6c42d4373a0983f1b0090f952a0747f34f2c11d6cbc64"},
    {file = "grpcio-1.48.1-cp38-cp38-manylinux_2_17_aarch64.whl", hash = "sha256:3340cb2224cc397954def015729391d85fb31135b5a7efca363e73e6f1b0e908"},
    {file = "grpcio-1.48.1-cp38-cp38-manylinux_2_17_i686.manylinux2014_i686.whl", hash = "sha256:d03009a26f7edca9f0a581aa5d3153242b815b858cb4790e34a955afb303c6ba"},
    {file = "grpcio-1.48.1-cp38-cp38-manylinux_2_17_x86_64.manylinux2014_x86_64.whl", hash = "sha256:53fa2fc1a1713195fa7acf7443a6f59b6ac7837607690f813c66cc18a9cb8135"},
    {file = "grpcio-1.48.1-cp38-cp38-musllinux_1_1_i686.whl", hash = "sha256:5a6a750c8324f3974e95265d3f9a0541573c537af1f67b3f6f46bf9c0b2e1b36"},
    {file = "grpcio-1.48.1-cp38-cp38-musllinux_1_1_x86_64.whl", hash = "sha256:626822d799d8fab08f07c8d95ef5c36213d24143f7cad3f548e97413db9f4110"},
    {file = "grpcio-1.48.1-cp38-cp38-win32.whl", hash = "sha256:ca5209ef89f7607be47a308fa92308cf079805ed556ecda672f00039a26e366f"},
    {file = "grpcio-1.48.1-cp38-cp38-win_amd64.whl", hash = "sha256:7cee20a4f873d61274d70c28ff63d19677d9eeea869c6a9cbaf3a00712336b6c"},
    {file = "grpcio-1.48.1-cp39-cp39-linux_armv7l.whl", hash = "sha256:460f5bec23fffa3c041aeba1f93a0f06b7a29e6a4da3658a52e1a866494920ab"},
    {file = "grpcio-1.48.1-cp39-cp39-macosx_10_10_x86_64.whl", hash = "sha256:c54734a6eb3be544d332e65c846236d02e5fc71325e8c53af91e83a46b87b506"},
    {file = "grpcio-1.48.1-cp39-cp39-manylinux_2_17_aarch64.whl", hash = "sha256:c6b6969c529521c86884a13745a4b68930db1ef2e051735c0f479d0a7adb25b6"},
    {file = "grpcio-1.48.1-cp39-cp39-manylinux_2_17_i686.manylinux2014_i686.whl", hash = "sha256:346bef672a1536d59437210f16af35389d715d2b321bfe4899b3d6476a196706"},
    {file = "grpcio-1.48.1-cp39-cp39-manylinux_2_17_x86_64.manylinux2014_x86_64.whl", hash = "sha256:f29627d66ae816837fd32c9450dc9c54780962cd74d034513ed829ba3ab46652"},
    {file = "grpcio-1.48.1-cp39-cp39-musllinux_1_1_i686.whl", hash = "sha256:b01faf7934c606d5050cf055c1d03943180f23d995d68d04cf50c80d1ef2c65a"},
    {file = "grpcio-1.48.1-cp39-cp39-musllinux_1_1_x86_64.whl", hash = "sha256:741eeff39a26d26da2b6d74ff0559f882ee95ee4e3b20c0b4b829021cb917f96"},
    {file = "grpcio-1.48.1-cp39-cp39-win32.whl", hash = "sha256:a15409bc1d05c52ecb00f5e42ab8ff280e7149f2eb854728f628fb2a0a161a5b"},
    {file = "grpcio-1.48.1-cp39-cp39-win_amd64.whl", hash = "sha256:2b6c336409937fd1cd2bf78eb72651f44d292d88da5e63059a4e8bd01b9d7411"},
    {file = "grpcio-1.48.1.tar.gz", hash = "sha256:660217eccd2943bf23ea9a36e2a292024305aec04bf747fbcff1f5032b83610e"},
]
grpcio-tools = [
    {file = "grpcio-tools-1.48.1.tar.gz", hash = "sha256:1178f2ea531f80cc2027ec64728df6ffc8e98cf1df61652a496eafd612127183"},
    {file = "grpcio_tools-1.48.1-cp310-cp310-linux_armv7l.whl", hash = "sha256:832935ea7ebb20f99bd8184fd70e0d111202043165207423f926dad22b255583"},
    {file = "grpcio_tools-1.48.1-cp310-cp310-macosx_10_10_x86_64.whl", hash = "sha256:739e3c49091175c117a26be4099145cdf85638a991d9bad8a5f9f6614ea31d61"},
    {file = "grpcio_tools-1.48.1-cp310-cp310-manylinux_2_17_aarch64.whl", hash = "sha256:42d0b2f488158cd12ed5848fc8e4b536214ff5a4f5d6ecc5ebe5edbbf064ae50"},
    {file = "grpcio_tools-1.48.1-cp310-cp310-manylinux_2_17_i686.manylinux2014_i686.whl", hash = "sha256:00b6592b04732648238dcabffd86202211e1df90e26bb4dbe2fa4882e8bf662c"},
    {file = "grpcio_tools-1.48.1-cp310-cp310-manylinux_2_17_x86_64.manylinux2014_x86_64.whl", hash = "sha256:491e87352e0be4c0e72dbecb0a52a53aa75f6a4d1dc9e53067c1cbc8833c4f5a"},
    {file = "grpcio_tools-1.48.1-cp310-cp310-musllinux_1_1_i686.whl", hash = "sha256:31877d879023bd81344d31eba6e301f1239c2ccfc5fd28d62fac2cb117194a81"},
    {file = "grpcio_tools-1.48.1-cp310-cp310-musllinux_1_1_x86_64.whl", hash = "sha256:5037a919a2689ed6f8c2a3b9cf6f1431caf0a93c730bde38f0960143f0072540"},
    {file = "grpcio_tools-1.48.1-cp310-cp310-win32.whl", hash = "sha256:951c3701157627f90ec6831ba502babb10aa0dd465a2cb00fe450a061ef10251"},
    {file = "grpcio_tools-1.48.1-cp310-cp310-win_amd64.whl", hash = "sha256:55b7de7f48c6f500c1252e6b96279c93d5bc24bcef618fd6587563e8c854527f"},
    {file = "grpcio_tools-1.48.1-cp36-cp36m-linux_armv7l.whl", hash = "sha256:590a1bc3e5997e78b57085178d8de202de977d1f01984ac907a3ffca225bb729"},
    {file = "grpcio_tools-1.48.1-cp36-cp36m-macosx_10_10_x86_64.whl", hash = "sha256:647ab95b7cecb5de392da3d70f0d49731cb90f1bd590d37a83ed6cfe06cb2a31"},
    {file = "grpcio_tools-1.48.1-cp36-cp36m-manylinux_2_17_aarch64.whl", hash = "sha256:289bb31d4ab25c49125f49bd7b048e8ce02b147ad296e8fce087814d034faf21"},
    {file = "grpcio_tools-1.48.1-cp36-cp36m-manylinux_2_17_i686.manylinux2014_i686.whl", hash = "sha256:b5da8227eeefc957c41d7c59919d35e8a1d8275941e9839566b29eb368940bee"},
    {file = "grpcio_tools-1.48.1-cp36-cp36m-manylinux_2_17_x86_64.manylinux2014_x86_64.whl", hash = "sha256:75fbf37461c337184624bec30db3a59c47514812b2f8f43a99818e44fb63243a"},
    {file = "grpcio_tools-1.48.1-cp36-cp36m-musllinux_1_1_i686.whl", hash = "sha256:ebe91db084c22143bc50967670f201bb5bf776b46227b62a97b0a75b0046aac5"},
    {file = "grpcio_tools-1.48.1-cp36-cp36m-musllinux_1_1_x86_64.whl", hash = "sha256:8ec634738c4d6220d96b293caff3115a0573c52d97581654c0a47b09d70ea958"},
    {file = "grpcio_tools-1.48.1-cp36-cp36m-win32.whl", hash = "sha256:1cb5802dc1eb33e1c5ccc86d48af6c95cfb10975851f2e4b3e5547d2e7502829"},
    {file = "grpcio_tools-1.48.1-cp36-cp36m-win_amd64.whl", hash = "sha256:1464248c6089d3c19ba82d29b515b11a43737ef73b08f73895c16959a4d537df"},
    {file = "grpcio_tools-1.48.1-cp37-cp37m-linux_armv7l.whl", hash = "sha256:247035b1d59135c13b74b203a23069564ca8202d27b21578ced6426c06e08e98"},
    {file = "grpcio_tools-1.48.1-cp37-cp37m-macosx_10_10_x86_64.whl", hash = "sha256:7dc607ee397eed06b126cadf6a86bde46bcc7da9b9a1d1ad5338b9afa6085d07"},
    {file = "grpcio_tools-1.48.1-cp37-cp37m-manylinux_2_17_aarch64.whl", hash = "sha256:b53f48cb31a6a59ea01a371ab58bd8fa83fae9c1cfafab8acb954a70f757c6b1"},
    {file = "grpcio_tools-1.48.1-cp37-cp37m-manylinux_2_17_i686.manylinux2014_i686.whl", hash = "sha256:87676b55aaf171c4922682e307e4fb8d6007c5e79bcdf1653cdf0868da17ae2a"},
    {file = "grpcio_tools-1.48.1-cp37-cp37m-manylinux_2_17_x86_64.manylinux2014_x86_64.whl", hash = "sha256:7e3230dd4f1bd79251ef086222041954ca5c27650a3d7f6589f972292461c8bf"},
    {file = "grpcio_tools-1.48.1-cp37-cp37m-musllinux_1_1_i686.whl", hash = "sha256:2bf1d3b44132bf5ec8397fdee70102edff7cf311483d58926cae3a564310d121"},
    {file = "grpcio_tools-1.48.1-cp37-cp37m-musllinux_1_1_x86_64.whl", hash = "sha256:09c295fae4fc646376b02f81a763d32900bdd16b85a8555b912d2f7472a83ad3"},
    {file = "grpcio_tools-1.48.1-cp37-cp37m-win32.whl", hash = "sha256:c4ec8447af615563a5da884b9ed93b41716b80bb01ac9183f09046ac48dbacb5"},
    {file = "grpcio_tools-1.48.1-cp37-cp37m-win_amd64.whl", hash = "sha256:5090ef3fa0288977b25fa1c5c0d15ca5d751ff206f906966c64eb3200ed6fa13"},
    {file = "grpcio_tools-1.48.1-cp38-cp38-linux_armv7l.whl", hash = "sha256:7d4ada8dc77f5db280fa476cd28263f7d7de96c4fce10f5559cde620a3363a95"},
    {file = "grpcio_tools-1.48.1-cp38-cp38-macosx_10_10_x86_64.whl", hash = "sha256:e47c663303ebc7b409f4da9073e6bef05e97b74ee47caafc08e0a2e223b95100"},
    {file = "grpcio_tools-1.48.1-cp38-cp38-manylinux_2_17_aarch64.whl", hash = "sha256:d9b854dec3e81fa5c2d601facb3b801a60bd5cbe295ef7e788a3e5824799183e"},
    {file = "grpcio_tools-1.48.1-cp38-cp38-manylinux_2_17_i686.manylinux2014_i686.whl", hash = "sha256:24bf144bafd8cdcdedcd738a3234346c4d8a3e82aee74429842fffb56920bcbf"},
    {file = "grpcio_tools-1.48.1-cp38-cp38-manylinux_2_17_x86_64.manylinux2014_x86_64.whl", hash = "sha256:920d6381ea5bc8ebf3303e57bcc7ed3a0735508f881e70a5e08a88d1a98ab34d"},
    {file = "grpcio_tools-1.48.1-cp38-cp38-musllinux_1_1_i686.whl", hash = "sha256:6c2a2796e4b6d7ae5378d8fd848a64b9541524ad5f6eea4583b879fa53d97883"},
    {file = "grpcio_tools-1.48.1-cp38-cp38-musllinux_1_1_x86_64.whl", hash = "sha256:8d7fc42b0443e8d16d740e463ea0eb77b68dec6423783738bf1e480e6475e32c"},
    {file = "grpcio_tools-1.48.1-cp38-cp38-win32.whl", hash = "sha256:eb04964c52721cb841a863a6a523bd06328a42d718371bc55d257f93390b6799"},
    {file = "grpcio_tools-1.48.1-cp38-cp38-win_amd64.whl", hash = "sha256:a0e2c5ba0a4a181eb379415affba9dc122f3f2eecdd459cc98fe311fdad9cf96"},
    {file = "grpcio_tools-1.48.1-cp39-cp39-linux_armv7l.whl", hash = "sha256:610da6278696e8f6d7831ecb9e513099f1f52dae3f40876a6049f634d4933919"},
    {file = "grpcio_tools-1.48.1-cp39-cp39-macosx_10_10_x86_64.whl", hash = "sha256:d454f4ef35b070b5bf39b65fec30b26b1f22da5b9efa4a716f7518308713ceab"},
    {file = "grpcio_tools-1.48.1-cp39-cp39-manylinux_2_17_aarch64.whl", hash = "sha256:4dfcfb3f89b0e8c98e1a65f9c0e04f5bfe69ea7eaaa22b4b99c2e3895512afc8"},
    {file = "grpcio_tools-1.48.1-cp39-cp39-manylinux_2_17_i686.manylinux2014_i686.whl", hash = "sha256:fe071e1e13088752b2e96c6caadb719d39c80d768e441e3fc73b08f8b87560ae"},
    {file = "grpcio_tools-1.48.1-cp39-cp39-manylinux_2_17_x86_64.manylinux2014_x86_64.whl", hash = "sha256:04c263723dcc1ef4c3ae0a0d0c0a7d572bca49153e02fc026ed485fc2373128f"},
    {file = "grpcio_tools-1.48.1-cp39-cp39-musllinux_1_1_i686.whl", hash = "sha256:92a7182bd96b8105a5372e8e656ab8bde8f607c5092278aba2ec2f83b8c9ab28"},
    {file = "grpcio_tools-1.48.1-cp39-cp39-musllinux_1_1_x86_64.whl", hash = "sha256:f432ae6593373cf46a0144aa6392875c5b3fd9d48bf27b5ced503c466ef496ea"},
    {file = "grpcio_tools-1.48.1-cp39-cp39-win32.whl", hash = "sha256:a53b033e38e60671c0c22a296ae9fd2b025a196e153c6d6b9a3aa20b11bedfcf"},
    {file = "grpcio_tools-1.48.1-cp39-cp39-win_amd64.whl", hash = "sha256:306bd078d20739026e481ef9f353e5b3025a761b443e96a47e5c5db7e3cdcd8a"},
]
pillow = [
    {file = "Pillow-9.3.0-1-cp37-cp37m-win32.whl", hash = "sha256:e6ea6b856a74d560d9326c0f5895ef8050126acfdc7ca08ad703eb0081e82b74"},
    {file = "Pillow-9.3.0-1-cp37-cp37m-win_amd64.whl", hash = "sha256:32a44128c4bdca7f31de5be641187367fe2a450ad83b833ef78910397db491aa"},
    {file = "Pillow-9.3.0-cp310-cp310-macosx_10_10_x86_64.whl", hash = "sha256:0b7257127d646ff8676ec8a15520013a698d1fdc48bc2a79ba4e53df792526f2"},
    {file = "Pillow-9.3.0-cp310-cp310-macosx_11_0_arm64.whl", hash = "sha256:b90f7616ea170e92820775ed47e136208e04c967271c9ef615b6fbd08d9af0e3"},
    {file = "Pillow-9.3.0-cp310-cp310-manylinux_2_17_aarch64.manylinux2014_aarch64.whl", hash = "sha256:68943d632f1f9e3dce98908e873b3a090f6cba1cbb1b892a9e8d97c938871fbe"},
    {file = "Pillow-9.3.0-cp310-cp310-manylinux_2_17_i686.manylinux2014_i686.whl", hash = "sha256:be55f8457cd1eac957af0c3f5ece7bc3f033f89b114ef30f710882717670b2a8"},
    {file = "Pillow-9.3.0-cp310-cp310-manylinux_2_17_x86_64.manylinux2014_x86_64.whl", hash = "sha256:5d77adcd56a42d00cc1be30843d3426aa4e660cab4a61021dc84467123f7a00c"},
    {file = "Pillow-9.3.0-cp310-cp310-manylinux_2_28_aarch64.whl", hash = "sha256:829f97c8e258593b9daa80638aee3789b7df9da5cf1336035016d76f03b8860c"},
    {file = "Pillow-9.3.0-cp310-cp310-manylinux_2_28_x86_64.whl", hash = "sha256:801ec82e4188e935c7f5e22e006d01611d6b41661bba9fe45b60e7ac1a8f84de"},
    {file = "Pillow-9.3.0-cp310-cp310-musllinux_1_1_x86_64.whl", hash = "sha256:871b72c3643e516db4ecf20efe735deb27fe30ca17800e661d769faab45a18d7"},
    {file = "Pillow-9.3.0-cp310-cp310-win32.whl", hash = "sha256:655a83b0058ba47c7c52e4e2df5ecf484c1b0b0349805896dd350cbc416bdd91"},
    {file = "Pillow-9.3.0-cp310-cp310-win_amd64.whl", hash = "sha256:9f47eabcd2ded7698106b05c2c338672d16a6f2a485e74481f524e2a23c2794b"},
    {file = "Pillow-9.3.0-cp311-cp311-macosx_10_10_x86_64.whl", hash = "sha256:57751894f6618fd4308ed8e0c36c333e2f5469744c34729a27532b3db106ee20"},
    {file = "Pillow-9.3.0-cp311-cp311-macosx_11_0_arm64.whl", hash = "sha256:7db8b751ad307d7cf238f02101e8e36a128a6cb199326e867d1398067381bff4"},
    {file = "Pillow-9.3.0-cp311-cp311-manylinux_2_17_aarch64.manylinux2014_aarch64.whl", hash = "sha256:3033fbe1feb1b59394615a1cafaee85e49d01b51d54de0cbf6aa8e64182518a1"},
    {file = "Pillow-9.3.0-cp311-cp311-manylinux_2_17_i686.manylinux2014_i686.whl", hash = "sha256:22b012ea2d065fd163ca096f4e37e47cd8b59cf4b0fd47bfca6abb93df70b34c"},
    {file = "Pillow-9.3.0-cp311-cp311-manylinux_2_17_x86_64.manylinux2014_x86_64.whl", hash = "sha256:b9a65733d103311331875c1dca05cb4606997fd33d6acfed695b1232ba1df193"},
    {file = "Pillow-9.3.0-cp311-cp311-manylinux_2_28_aarch64.whl", hash = "sha256:502526a2cbfa431d9fc2a079bdd9061a2397b842bb6bc4239bb176da00993812"},
    {file = "Pillow-9.3.0-cp311-cp311-manylinux_2_28_x86_64.whl", hash = "sha256:90fb88843d3902fe7c9586d439d1e8c05258f41da473952aa8b328d8b907498c"},
    {file = "Pillow-9.3.0-cp311-cp311-musllinux_1_1_x86_64.whl", hash = "sha256:89dca0ce00a2b49024df6325925555d406b14aa3efc2f752dbb5940c52c56b11"},
    {file = "Pillow-9.3.0-cp311-cp311-win32.whl", hash = "sha256:3168434d303babf495d4ba58fc22d6604f6e2afb97adc6a423e917dab828939c"},
    {file = "Pillow-9.3.0-cp311-cp311-win_amd64.whl", hash = "sha256:18498994b29e1cf86d505edcb7edbe814d133d2232d256db8c7a8ceb34d18cef"},
    {file = "Pillow-9.3.0-cp37-cp37m-macosx_10_10_x86_64.whl", hash = "sha256:772a91fc0e03eaf922c63badeca75e91baa80fe2f5f87bdaed4280662aad25c9"},
    {file = "Pillow-9.3.0-cp37-cp37m-manylinux_2_17_aarch64.manylinux2014_aarch64.whl", hash = "sha256:afa4107d1b306cdf8953edde0534562607fe8811b6c4d9a486298ad31de733b2"},
    {file = "Pillow-9.3.0-cp37-cp37m-manylinux_2_17_i686.manylinux2014_i686.whl", hash = "sha256:b4012d06c846dc2b80651b120e2cdd787b013deb39c09f407727ba90015c684f"},
    {file = "Pillow-9.3.0-cp37-cp37m-manylinux_2_17_x86_64.manylinux2014_x86_64.whl", hash = "sha256:77ec3e7be99629898c9a6d24a09de089fa5356ee408cdffffe62d67bb75fdd72"},
    {file = "Pillow-9.3.0-cp37-cp37m-manylinux_2_28_aarch64.whl", hash = "sha256:6c738585d7a9961d8c2821a1eb3dcb978d14e238be3d70f0a706f7fa9316946b"},
    {file = "Pillow-9.3.0-cp37-cp37m-manylinux_2_28_x86_64.whl", hash = "sha256:828989c45c245518065a110434246c44a56a8b2b2f6347d1409c787e6e4651ee"},
    {file = "Pillow-9.3.0-cp37-cp37m-win32.whl", hash = "sha256:82409ffe29d70fd733ff3c1025a602abb3e67405d41b9403b00b01debc4c9a29"},
    {file = "Pillow-9.3.0-cp37-cp37m-win_amd64.whl", hash = "sha256:41e0051336807468be450d52b8edd12ac60bebaa97fe10c8b660f116e50b30e4"},
    {file = "Pillow-9.3.0-cp38-cp38-macosx_10_10_x86_64.whl", hash = "sha256:b03ae6f1a1878233ac620c98f3459f79fd77c7e3c2b20d460284e1fb370557d4"},
    {file = "Pillow-9.3.0-cp38-cp38-macosx_11_0_arm64.whl", hash = "sha256:4390e9ce199fc1951fcfa65795f239a8a4944117b5935a9317fb320e7767b40f"},
    {file = "Pillow-9.3.0-cp38-cp38-manylinux_2_17_aarch64.manylinux2014_aarch64.whl", hash = "sha256:40e1ce476a7804b0fb74bcfa80b0a2206ea6a882938eaba917f7a0f004b42502"},
    {file = "Pillow-9.3.0-cp38-cp38-manylinux_2_17_i686.manylinux2014_i686.whl", hash = "sha256:a0a06a052c5f37b4ed81c613a455a81f9a3a69429b4fd7bb913c3fa98abefc20"},
    {file = "Pillow-9.3.0-cp38-cp38-manylinux_2_17_x86_64.manylinux2014_x86_64.whl", hash = "sha256:03150abd92771742d4a8cd6f2fa6246d847dcd2e332a18d0c15cc75bf6703040"},
    {file = "Pillow-9.3.0-cp38-cp38-manylinux_2_28_aarch64.whl", hash = "sha256:15c42fb9dea42465dfd902fb0ecf584b8848ceb28b41ee2b58f866411be33f07"},
    {file = "Pillow-9.3.0-cp38-cp38-manylinux_2_28_x86_64.whl", hash = "sha256:51e0e543a33ed92db9f5ef69a0356e0b1a7a6b6a71b80df99f1d181ae5875636"},
    {file = "Pillow-9.3.0-cp38-cp38-musllinux_1_1_x86_64.whl", hash = "sha256:3dd6caf940756101205dffc5367babf288a30043d35f80936f9bfb37f8355b32"},
    {file = "Pillow-9.3.0-cp38-cp38-win32.whl", hash = "sha256:f1ff2ee69f10f13a9596480335f406dd1f70c3650349e2be67ca3139280cade0"},
    {file = "Pillow-9.3.0-cp38-cp38-win_amd64.whl", hash = "sha256:276a5ca930c913f714e372b2591a22c4bd3b81a418c0f6635ba832daec1cbcfc"},
    {file = "Pillow-9.3.0-cp39-cp39-macosx_10_10_x86_64.whl", hash = "sha256:73bd195e43f3fadecfc50c682f5055ec32ee2c933243cafbfdec69ab1aa87cad"},
    {file = "Pillow-9.3.0-cp39-cp39-macosx_11_0_arm64.whl", hash = "sha256:1c7c8ae3864846fc95f4611c78129301e203aaa2af813b703c55d10cc1628535"},
    {file = "Pillow-9.3.0-cp39-cp39-manylinux_2_17_aarch64.manylinux2014_aarch64.whl", hash = "sha256:2e0918e03aa0c72ea56edbb00d4d664294815aa11291a11504a377ea018330d3"},
    {file = "Pillow-9.3.0-cp39-cp39-manylinux_2_17_i686.manylinux2014_i686.whl", hash = "sha256:b0915e734b33a474d76c28e07292f196cdf2a590a0d25bcc06e64e545f2d146c"},
    {file = "Pillow-9.3.0-cp39-cp39-manylinux_2_17_x86_64.manylinux2014_x86_64.whl", hash = "sha256:af0372acb5d3598f36ec0914deed2a63f6bcdb7b606da04dc19a88d31bf0c05b"},
    {file = "Pillow-9.3.0-cp39-cp39-manylinux_2_28_aarch64.whl", hash = "sha256:ad58d27a5b0262c0c19b47d54c5802db9b34d38bbf886665b626aff83c74bacd"},
    {file = "Pillow-9.3.0-cp39-cp39-manylinux_2_28_x86_64.whl", hash = "sha256:97aabc5c50312afa5e0a2b07c17d4ac5e865b250986f8afe2b02d772567a380c"},
    {file = "Pillow-9.3.0-cp39-cp39-musllinux_1_1_x86_64.whl", hash = "sha256:9aaa107275d8527e9d6e7670b64aabaaa36e5b6bd71a1015ddd21da0d4e06448"},
    {file = "Pillow-9.3.0-cp39-cp39-win32.whl", hash = "sha256:bac18ab8d2d1e6b4ce25e3424f709aceef668347db8637c2296bcf41acb7cf48"},
    {file = "Pillow-9.3.0-cp39-cp39-win_amd64.whl", hash = "sha256:b472b5ea442148d1c3e2209f20f1e0bb0eb556538690fa70b5e1f79fa0ba8dc2"},
    {file = "Pillow-9.3.0-pp37-pypy37_pp73-macosx_10_10_x86_64.whl", hash = "sha256:ab388aaa3f6ce52ac1cb8e122c4bd46657c15905904b3120a6248b5b8b0bc228"},
    {file = "Pillow-9.3.0-pp37-pypy37_pp73-manylinux_2_17_i686.manylinux2014_i686.whl", hash = "sha256:dbb8e7f2abee51cef77673be97760abff1674ed32847ce04b4af90f610144c7b"},
    {file = "Pillow-9.3.0-pp37-pypy37_pp73-manylinux_2_17_x86_64.manylinux2014_x86_64.whl", hash = "sha256:bca31dd6014cb8b0b2db1e46081b0ca7d936f856da3b39744aef499db5d84d02"},
    {file = "Pillow-9.3.0-pp37-pypy37_pp73-manylinux_2_28_x86_64.whl", hash = "sha256:c7025dce65566eb6e89f56c9509d4f628fddcedb131d9465cacd3d8bac337e7e"},
    {file = "Pillow-9.3.0-pp37-pypy37_pp73-win_amd64.whl", hash = "sha256:ebf2029c1f464c59b8bdbe5143c79fa2045a581ac53679733d3a91d400ff9efb"},
    {file = "Pillow-9.3.0-pp38-pypy38_pp73-macosx_10_10_x86_64.whl", hash = "sha256:b59430236b8e58840a0dfb4099a0e8717ffb779c952426a69ae435ca1f57210c"},
    {file = "Pillow-9.3.0-pp38-pypy38_pp73-manylinux_2_17_i686.manylinux2014_i686.whl", hash = "sha256:12ce4932caf2ddf3e41d17fc9c02d67126935a44b86df6a206cf0d7161548627"},
    {file = "Pillow-9.3.0-pp38-pypy38_pp73-manylinux_2_17_x86_64.manylinux2014_x86_64.whl", hash = "sha256:ae5331c23ce118c53b172fa64a4c037eb83c9165aba3a7ba9ddd3ec9fa64a699"},
    {file = "Pillow-9.3.0-pp38-pypy38_pp73-manylinux_2_28_x86_64.whl", hash = "sha256:0b07fffc13f474264c336298d1b4ce01d9c5a011415b79d4ee5527bb69ae6f65"},
    {file = "Pillow-9.3.0-pp38-pypy38_pp73-win_amd64.whl", hash = "sha256:073adb2ae23431d3b9bcbcff3fe698b62ed47211d0716b067385538a1b0f28b8"},
    {file = "Pillow-9.3.0.tar.gz", hash = "sha256:c935a22a557a560108d780f9a0fc426dd7459940dc54faa49d83249c8d3e760f"},
]
protobuf = [
    {file = "protobuf-3.19.5-cp310-cp310-manylinux2014_aarch64.whl", hash = "sha256:f2b599a21c9a32e171ec29a2ac54e03297736c578698e11b099d031f79da114b"},
    {file = "protobuf-3.19.5-cp310-cp310-manylinux_2_17_x86_64.manylinux2014_x86_64.whl", hash = "sha256:f976234e20ab2785f54224bcdafa027674e23663b132fa3ca0caa291a6cfbde7"},
    {file = "protobuf-3.19.5-cp310-cp310-win32.whl", hash = "sha256:4ee2af7051d3b10c8a4fe6fd1a2c69f201fea36aeee7086cf202a692e1b99ee1"},
    {file = "protobuf-3.19.5-cp310-cp310-win_amd64.whl", hash = "sha256:dca2284378a5f2a86ffed35c6ac147d14c48b525eefcd1083e5a9ce28dfa8657"},
    {file = "protobuf-3.19.5-cp36-cp36m-macosx_10_9_x86_64.whl", hash = "sha256:c0f80876a8ff0ae7064084ed094eb86497bd5a3812e6fc96a05318b92301674e"},
    {file = "protobuf-3.19.5-cp36-cp36m-manylinux_2_17_x86_64.manylinux2014_x86_64.whl", hash = "sha256:3c4160b601220627f7e91154e572baf5e161a9c3f445a8242d536ee3d0b7b17c"},
    {file = "protobuf-3.19.5-cp36-cp36m-win32.whl", hash = "sha256:f2bde37667b18c2b5280df83bc799204394a5d2d774e4deaf9de0eb741df6833"},
    {file = "protobuf-3.19.5-cp36-cp36m-win_amd64.whl", hash = "sha256:1867f93b06a183f87696871bb8d1e99ee71dbb69d468ce1f0cc8bf3d30f982f3"},
    {file = "protobuf-3.19.5-cp37-cp37m-macosx_10_9_x86_64.whl", hash = "sha256:a89aa0c042e61e11ade320b802d6db4ee5391d8d973e46d3a48172c1597789f8"},
    {file = "protobuf-3.19.5-cp37-cp37m-manylinux2014_aarch64.whl", hash = "sha256:f9cebda093c2f6bfed88f1c17cdade09d4d96096421b344026feee236532d4de"},
    {file = "protobuf-3.19.5-cp37-cp37m-manylinux_2_17_x86_64.manylinux2014_x86_64.whl", hash = "sha256:67efb5d20618020aa9596e17bfc37ca068c28ec0c1507d9507f73c93d46c9855"},
    {file = "protobuf-3.19.5-cp37-cp37m-win32.whl", hash = "sha256:950abd6c00e7b51f87ae8b18a0ce4d69fea217f62f171426e77de5061f6d9850"},
    {file = "protobuf-3.19.5-cp37-cp37m-win_amd64.whl", hash = "sha256:d3973a2d58aefc7d1230725c2447ce7f86a71cbc094b86a77c6ee1505ac7cdb1"},
    {file = "protobuf-3.19.5-cp38-cp38-macosx_10_9_x86_64.whl", hash = "sha256:9e1d74032f56ff25f417cfe84c8147047732e5059137ca42efad20cbbd25f5e0"},
    {file = "protobuf-3.19.5-cp38-cp38-manylinux2014_aarch64.whl", hash = "sha256:d249519ba5ecf5dd6b18150c9b6bcde510b273714b696f3923ff8308fc11ae49"},
    {file = "protobuf-3.19.5-cp38-cp38-manylinux_2_17_x86_64.manylinux2014_x86_64.whl", hash = "sha256:9f957ef53e872d58a0afd3bf6d80d48535d28c99b40e75e6634cbc33ea42fd54"},
    {file = "protobuf-3.19.5-cp38-cp38-win32.whl", hash = "sha256:5470f892961af464ae6eaf0f3099e2c1190ae8c7f36f174b89491281341f79ca"},
    {file = "protobuf-3.19.5-cp38-cp38-win_amd64.whl", hash = "sha256:c44e3282cff74ad18c7e8a0375f407f69ee50c2116364b44492a196293e08b21"},
    {file = "protobuf-3.19.5-cp39-cp39-macosx_10_9_x86_64.whl", hash = "sha256:66d14b5b90090353efe75c9fb1bf65ef7267383034688d255b500822e37d5c2f"},
    {file = "protobuf-3.19.5-cp39-cp39-manylinux2014_aarch64.whl", hash = "sha256:f4f909f4dde413dec435a44b0894956d55bb928ded7d6e3c726556ca4c796e84"},
    {file = "protobuf-3.19.5-cp39-cp39-manylinux_2_17_x86_64.manylinux2014_x86_64.whl", hash = "sha256:5266c36cc0af3bb3dbf44f199d225b33da66a9a5c3bdc2b14865ad10eddf0e37"},
    {file = "protobuf-3.19.5-cp39-cp39-win32.whl", hash = "sha256:6a02172b9650f819d01fb8e224fc69b0706458fc1ab4f1c669281243c71c1a5e"},
    {file = "protobuf-3.19.5-cp39-cp39-win_amd64.whl", hash = "sha256:696e6cfab94cc15a14946f2bf72719dced087d437adbd994fff34f38986628bc"},
    {file = "protobuf-3.19.5-py2.py3-none-any.whl", hash = "sha256:9e42b1cf2ecd8a1bd161239e693f22035ba99905ae6d7efeac8a0546c7ec1a27"},
    {file = "protobuf-3.19.5.tar.gz", hash = "sha256:e63b0b3c42e51c94add62b010366cd4979cb6d5f06158bcae8faac4c294f91e1"},
]
python-dotenv = [
    {file = "python-dotenv-0.21.0.tar.gz", hash = "sha256:b77d08274639e3d34145dfa6c7008e66df0f04b7be7a75fd0d5292c191d79045"},
    {file = "python_dotenv-0.21.0-py3-none-any.whl", hash = "sha256:1684eb44636dd462b66c3ee016599815514527ad99965de77f43e0944634a7e5"},
]
setuptools = [
    {file = "setuptools-65.5.1-py3-none-any.whl", hash = "sha256:d0b9a8433464d5800cbe05094acf5c6d52a91bfac9b52bcfc4d41382be5d5d31"},
    {file = "setuptools-65.5.1.tar.gz", hash = "sha256:e197a19aa8ec9722928f2206f8de752def0e4c9fc6953527360d1c36d94ddb2f"},
]
six = [
    {file = "six-1.16.0-py2.py3-none-any.whl", hash = "sha256:8abb2f1d86890a2dfb989f9a77cfcfd3e47c2a354b01111771326f8aa26e0254"},
    {file = "six-1.16.0.tar.gz", hash = "sha256:1e61c37477a1626458e36f7b1d82aa5c9b094fa4802892072e49de9c60c4c926"},
]
stability-sdk = [
    {file = "stability-sdk-0.2.7.tar.gz", hash = "sha256:9be93de387447a3ee19f03caac7480d00b24c320b5c44b038f0c33c5cb15e5c1"},
    {file = "stability_sdk-0.2.7-py3-none-any.whl", hash = "sha256:6f73e6d3e1609c5b0627dff381d835e178aad4e80be41584f2d0f5b4f6fcc0f2"},
]
